
Microsoft Visual Studio Solution File, Format Version 12.00
# Visual Studio Version 17
VisualStudioVersion = 17.0.31903.59
MinimumVisualStudioVersion = 10.0.40219.1
Project("{2150E333-8FDC-42A3-9474-1A3956D46DE8}") = "solution", "solution", "{26BB48ED-C7A1-471E-B526-31F2D57B3384}"
	ProjectSection(SolutionItems) = preProject
		Directory.Build.props = Directory.Build.props
		.gitignore = .gitignore
		.globalconfig = .globalconfig
		global.json = global.json
		appsettings.json = appsettings.json
		appsettings.Development.json = appsettings.Development.json
		appsettings.Production.json = appsettings.Production.json
		README.md = README.md
	EndProjectSection
EndProject
Project("{2150E333-8FDC-42A3-9474-1A3956D46DE8}") = "src", "src", "{3FB47D67-FB35-492F-AD07-26B98C419F71}"
EndProject
Project("{FAE04EC0-301F-11D3-BF4B-00C04F79EFBC}") = "Spottarr.Console", "src\Spottarr.Console\Spottarr.Console.csproj", "{888CC2BB-2A6E-4A4A-B72A-617D38813B1A}"
EndProject
Project("{FAE04EC0-301F-11D3-BF4B-00C04F79EFBC}") = "Spottarr.Data", "src\Spottarr.Data\Spottarr.Data.csproj", "{74DE4167-FED4-48B0-B13E-98D3A68BBE10}"
EndProject
Project("{FAE04EC0-301F-11D3-BF4B-00C04F79EFBC}") = "Spottarr.Services", "src\Spottarr.Services\Spottarr.Services.csproj", "{5019243F-CE57-4E90-B196-202306D95875}"
EndProject
Global
	GlobalSection(SolutionConfigurationPlatforms) = preSolution
		Debug|Any CPU = Debug|Any CPU
		Release|Any CPU = Release|Any CPU
	EndGlobalSection
	GlobalSection(SolutionProperties) = preSolution
		HideSolutionNode = FALSE
	EndGlobalSection
	GlobalSection(ProjectConfigurationPlatforms) = postSolution
		{888CC2BB-2A6E-4A4A-B72A-617D38813B1A}.Debug|Any CPU.ActiveCfg = Debug|Any CPU
		{888CC2BB-2A6E-4A4A-B72A-617D38813B1A}.Debug|Any CPU.Build.0 = Debug|Any CPU
		{888CC2BB-2A6E-4A4A-B72A-617D38813B1A}.Release|Any CPU.ActiveCfg = Release|Any CPU
		{888CC2BB-2A6E-4A4A-B72A-617D38813B1A}.Release|Any CPU.Build.0 = Release|Any CPU
		{74DE4167-FED4-48B0-B13E-98D3A68BBE10}.Debug|Any CPU.ActiveCfg = Debug|Any CPU
		{74DE4167-FED4-48B0-B13E-98D3A68BBE10}.Debug|Any CPU.Build.0 = Debug|Any CPU
		{74DE4167-FED4-48B0-B13E-98D3A68BBE10}.Release|Any CPU.ActiveCfg = Release|Any CPU
		{74DE4167-FED4-48B0-B13E-98D3A68BBE10}.Release|Any CPU.Build.0 = Release|Any CPU
		{5019243F-CE57-4E90-B196-202306D95875}.Debug|Any CPU.ActiveCfg = Debug|Any CPU
		{5019243F-CE57-4E90-B196-202306D95875}.Debug|Any CPU.Build.0 = Debug|Any CPU
		{5019243F-CE57-4E90-B196-202306D95875}.Release|Any CPU.ActiveCfg = Release|Any CPU
		{5019243F-CE57-4E90-B196-202306D95875}.Release|Any CPU.Build.0 = Release|Any CPU
	EndGlobalSection
	GlobalSection(NestedProjects) = preSolution
		{888CC2BB-2A6E-4A4A-B72A-617D38813B1A} = {3FB47D67-FB35-492F-AD07-26B98C419F71}
		{74DE4167-FED4-48B0-B13E-98D3A68BBE10} = {3FB47D67-FB35-492F-AD07-26B98C419F71}
		{5019243F-CE57-4E90-B196-202306D95875} = {3FB47D67-FB35-492F-AD07-26B98C419F71}
	EndGlobalSection
EndGlobal
